{
 "graph_lock": {
  "nodes": {
   "0": {
    "options": "gtest:build_gmock=True\ngtest:debug_postfix=d\ngtest:fPIC=True\ngtest:hide_symbols=False\ngtest:no_main=False\ngtest:shared=False",
    "requires": [
     "1"
    ],
    "path": "conanfile.txt",
    "context": "host"
   },
   "1": {
    "ref": "gtest/1.8.1",
    "options": "build_gmock=True\ndebug_postfix=d\nfPIC=True\nhide_symbols=False\nno_main=False\nshared=False",
    "package_id": "69e46165df474cfc6b1b5426e296d3f2598d2aa1",
    "prev": "0",
    "context": "host"
   }
  },
  "revisions_enabled": false
 },
 "version": "0.4",
 "profile_host": "[settings]\narch=x86_64\narch_build=armv8\nbuild_type=Debug\ncompiler=gcc\ncompiler.libcxx=libstdc++11\ncompiler.version=7\nos=Linux\nos_build=Linux\n[options]\n[build_requires]\n[env]\n"
}